
Microsoft Visual Studio Solution File, Format Version 12.00
# Visual Studio 14
VisualStudioVersion = 14.0.25420.1
MinimumVisualStudioVersion = 10.0.40219.1
Project("{FAE04EC0-301F-11D3-BF4B-00C04F79EFBC}") = "ProyectoAlfredo", "ProyectoAlfredo\ProyectoAlfredo.csproj", "{0B70DD17-596F-4122-9533-3A91897D7A97}"
EndProject
Project("{FAE04EC0-301F-11D3-BF4B-00C04F79EFBC}") = "ProyectoAlfredo.Tests", "ProyectoAlfredo.Tests\ProyectoAlfredo.Tests.csproj", "{19A0D5DA-96C9-4475-9562-2373E181A98C}"
EndProject
Global
	GlobalSection(SolutionConfigurationPlatforms) = preSolution
		Debug|Any CPU = Debug|Any CPU
		Release|Any CPU = Release|Any CPU
	EndGlobalSection
	GlobalSection(ProjectConfigurationPlatforms) = postSolution
		{0B70DD17-596F-4122-9533-3A91897D7A97}.Debug|Any CPU.ActiveCfg = Debug|Any CPU
		{0B70DD17-596F-4122-9533-3A91897D7A97}.Debug|Any CPU.Build.0 = Debug|Any CPU
		{0B70DD17-596F-4122-9533-3A91897D7A97}.Release|Any CPU.ActiveCfg = Release|Any CPU
		{0B70DD17-596F-4122-9533-3A91897D7A97}.Release|Any CPU.Build.0 = Release|Any CPU
		{19A0D5DA-96C9-4475-9562-2373E181A98C}.Debug|Any CPU.ActiveCfg = Debug|Any CPU
		{19A0D5DA-96C9-4475-9562-2373E181A98C}.Debug|Any CPU.Build.0 = Debug|Any CPU
		{19A0D5DA-96C9-4475-9562-2373E181A98C}.Release|Any CPU.ActiveCfg = Release|Any CPU
		{19A0D5DA-96C9-4475-9562-2373E181A98C}.Release|Any CPU.Build.0 = Release|Any CPU
	EndGlobalSection
	GlobalSection(SolutionProperties) = preSolution
		HideSolutionNode = FALSE
	EndGlobalSection
EndGlobal
